
Microsoft Visual Studio Solution File, Format Version 12.00
# Visual Studio Version 16
VisualStudioVersion = 16.0.30717.126
MinimumVisualStudioVersion = 10.0.40219.1
Project("{9A19103F-16F7-4668-BE54-9A1E7A4F7556}") = "lab1", "WebApplication1\lab1.csproj", "{5B66B3AA-F469-4E6E-90A0-FE6ABDAEB86E}"
EndProject
Global
	GlobalSection(SolutionConfigurationPlatforms) = preSolution
		Debug|Any CPU = Debug|Any CPU
		Release|Any CPU = Release|Any CPU
	EndGlobalSection
	GlobalSection(ProjectConfigurationPlatforms) = postSolution
		{5B66B3AA-F469-4E6E-90A0-FE6ABDAEB86E}.Debug|Any CPU.ActiveCfg = Debug|Any CPU
		{5B66B3AA-F469-4E6E-90A0-FE6ABDAEB86E}.Debug|Any CPU.Build.0 = Debug|Any CPU
		{5B66B3AA-F469-4E6E-90A0-FE6ABDAEB86E}.Release|Any CPU.ActiveCfg = Release|Any CPU
		{5B66B3AA-F469-4E6E-90A0-FE6ABDAEB86E}.Release|Any CPU.Build.0 = Release|Any CPU
	EndGlobalSection
	GlobalSection(SolutionProperties) = preSolution
		HideSolutionNode = FALSE
	EndGlobalSection
	GlobalSection(ExtensibilityGlobals) = postSolution
		SolutionGuid = {281CB14A-8DDD-4188-AFA6-FE8CE85047A9}
	EndGlobalSection
EndGlobal
